{
    "_readme": [
        "This file locks the dependencies of your project to a known state",
        "Read more about it at https://getcomposer.org/doc/01-basic-usage.md#installing-dependencies",
        "This file is @generated automatically"
    ],
    "content-hash": "11b0fed7055fd94d4eb0a8bcd342adc3",
    "packages": [
        {
            "name": "cyclonedx-demo/local-demo-dependency",
            "version": "1.33.7",
            "dist": {
                "type": "path",
                "url": "packages/local-demo-dependency"
            },
            "type": "library",
            "description": "a package that is hosted locally and required in a local demo",
            "transport-options": {
                "relative": true
            }
        },
        {
            "name": "cyclonedx-demo/local-dependency-with-minimal-setup",
            "version": "dev-master",
            "dist": {
                "type": "path",
                "url": "packages/local-dependency-with-minimal-setup"
            },
            "type": "library",
            "transport-options": {
                "relative": true
            }
        }
    ],
    "packages-dev": [
        {
            "name": "cyclonedx/cyclonedx-php-composer",
            "version": "dev-master",
            "dist": {
                "type": "path",
                "url": "../../.."
            },
            "require": {
                "composer-plugin-api": "^2.0",
                "ext-dom": "*",
                "ext-filter": "*",
                "ext-json": "*",
                "ext-libxml": "*",
                "package-url/packageurl-php": "^1.0",
                "php": "^7.3 || ^8.0",
                "swaggest/json-schema": "^0.12.35"
            },
            "require-dev": {
                "composer/composer": "^2.0.13",
                "ext-simplexml": "*",
                "phpunit/phpunit": "9.5.7",
                "roave/security-advisories": "dev-latest"
            },
            "type": "composer-plugin",
            "extra": {
                "class": "CycloneDX\\Composer\\Plugin",
                "composer-normalize": {
                    "indent-size": 4,
                    "indent-style": "space"
                },
                "unused": [
                    "composer-plugin-api"
                ]
            },
            "autoload": {
                "psr-4": {
                    "CycloneDX\\Composer\\": "src/Composer/",
                    "CycloneDX\\Core\\": "src/Core/"
                }
            },
            "autoload-dev": {
                "psr-4": {
                    "CycloneDX\\Tests\\": "tests"
                }
            },
            "scripts": {
                "cs-fix": [
                    "@php tools/php-cs-fixer/vendor/friendsofphp/php-cs-fixer/php-cs-fixer fix --diff"
                ],
                "dev-setup": [
                    "@composer -dtools/composer-normalize update",
                    "@composer -dtools/composer-require-checker update",
                    "@composer -dtools/composer-unused update",
                    "@composer -dtools/php-cs-fixer update",
                    "@composer -dtools/psalm update",
                    "@composer update"
                ],
                "normalize": [
                    "@composer -dtools/composer-normalize normalize --diff $PWD/composer.json"
                ],
                "test": [
                    "@composer validate",
                    "@test:psalm",
                    "@test:phpunit",
                    "@test:cs-fixer",
                    "@test:composer-unused",
                    "@test:composer-require-checker",
                    "@test:composer-normalize"
                ],
                "test:composer-normalize": [
                    "@composer -dtools/composer-normalize normalize --dry-run --diff $PWD/composer.json"
                ],
                "test:composer-require-checker": [
                    "@php tools/composer-require-checker/vendor/maglnet/composer-require-checker/bin/composer-require-checker || :"
                ],
                "test:composer-unused": [
                    "@php tools/composer-unused/vendor/icanhazstring/composer-unused/bin/composer-unused --excludeDir=tools"
                ],
                "test:cs-fixer": [
                    "@php tools/php-cs-fixer/vendor/friendsofphp/php-cs-fixer/php-cs-fixer fix --dry-run --diff"
                ],
                "test:phpunit": [
                    "@php -d zend.assertions=1 -d assert.exception=1 -d display_errors=On -d error_reporting=-1 -d log_errors_max_len=0 -d memory_limit=-1 vendor/phpunit/phpunit/phpunit"
                ],
                "test:psalm": [
                    "@php tools/psalm/vendor/vimeo/psalm/psalm"
                ]
            },
            "license": [
                "Apache-2.0"
            ],
            "authors": [
                {
                    "name": "nscuro",
                    "email": "nscuro@protonmail.com",
                    "role": "Developer"
                },
                {
                    "name": "Jan Kowalleck",
                    "email": "jan.kowalleck@gmail.com",
                    "role": "Developer"
                }
            ],
            "description": "Creates CycloneDX Software Bill-of-Materials (SBOM) from PHP Composer projects",
            "homepage": "https://github.com/CycloneDX/cyclonedx-php-composer/",
            "keywords": [
                "BOM",
                "CycloneDX",
                "PURL",
                "SBOM",
                "bill-of-materials",
                "package-url",
                "software-bill-of-materials"
            ],
            "support": {
                "issues": "https://github.com/CycloneDX/cyclonedx-php-composer/issues"
            },
            "transport-options": {
                "relative": true
            }
        },
        {
            "name": "package-url/packageurl-php",
            "version": "1.0.3",
            "source": {
                "type": "git",
                "url": "https://github.com/package-url/packageurl-php.git",
                "reference": "3d593b87966d3dff60d6cc02fd0a83fccb0a01f4"
            },
            "dist": {
                "type": "zip",
                "url": "https://api.github.com/repos/package-url/packageurl-php/zipball/3d593b87966d3dff60d6cc02fd0a83fccb0a01f4",
                "reference": "3d593b87966d3dff60d6cc02fd0a83fccb0a01f4",
                "shasum": ""
            },
            "require": {
                "php": "^7.3 || ^8.0"
            },
            "require-dev": {
                "ext-json": "*",
                "phpunit/phpunit": "9.5.4",
                "roave/security-advisories": "dev-latest"
            },
            "type": "library",
            "autoload": {
                "psr-4": {
                    "PackageUrl\\": "src"
                }
            },
            "notification-url": "https://packagist.org/downloads/",
            "license": [
                "MIT"
            ],
            "authors": [
                {
                    "name": "Jan Kowalleck",
                    "role": "Developer"
                }
            ],
            "description": "A parser and builder based on the package url spec.",
            "homepage": "https://github.com/package-url/packageurl-php",
            "keywords": [
                "package",
                "package-url",
                "packageurl",
                "purl",
                "url"
            ],
            "support": {
                "issues": "https://github.com/package-url/packageurl-php/issues",
                "source": "https://github.com/package-url/packageurl-php/tree/1.0.3"
            },
            "time": "2021-05-13T17:29:18+00:00"
        },
        {
            "name": "phplang/scope-exit",
            "version": "1.0.0",
            "source": {
                "type": "git",
                "url": "https://github.com/phplang/scope-exit.git",
                "reference": "239b73abe89f9414aa85a7ca075ec9445629192b"
            },
            "dist": {
                "type": "zip",
                "url": "https://api.github.com/repos/phplang/scope-exit/zipball/239b73abe89f9414aa85a7ca075ec9445629192b",
                "reference": "239b73abe89f9414aa85a7ca075ec9445629192b",
                "shasum": ""
            },
            "require-dev": {
                "phpunit/phpunit": "*"
            },
            "type": "library",
            "autoload": {
                "psr-4": {
                    "PhpLang\\": "src/"
                }
            },
            "notification-url": "https://packagist.org/downloads/",
            "license": [
                "BSD"
            ],
            "authors": [
                {
                    "name": "Sara Golemon",
                    "email": "pollita@php.net",
                    "homepage": "https://twitter.com/SaraMG",
                    "role": "Developer"
                }
            ],
            "description": "Emulation of SCOPE_EXIT construct from C++",
            "homepage": "https://github.com/phplang/scope-exit",
            "keywords": [
                "cleanup",
                "exit",
                "scope"
            ],
            "support": {
                "issues": "https://github.com/phplang/scope-exit/issues",
                "source": "https://github.com/phplang/scope-exit/tree/master"
            },
            "time": "2016-09-17T00:15:18+00:00"
        },
        {
            "name": "swaggest/json-diff",
            "version": "v3.8.1",
            "source": {
                "type": "git",
                "url": "https://github.com/swaggest/json-diff.git",
                "reference": "d2184358c5ef5ecaa1f6b4c2bce175fac2d25670"
            },
            "dist": {
                "type": "zip",
                "url": "https://api.github.com/repos/swaggest/json-diff/zipball/d2184358c5ef5ecaa1f6b4c2bce175fac2d25670",
                "reference": "d2184358c5ef5ecaa1f6b4c2bce175fac2d25670",
                "shasum": ""
            },
            "require": {
                "ext-json": "*"
            },
            "require-dev": {
                "phpunit/phpunit": "^4.8.23"
            },
            "type": "library",
            "autoload": {
                "psr-4": {
                    "Swaggest\\JsonDiff\\": "src/"
                }
            },
            "notification-url": "https://packagist.org/downloads/",
            "license": [
                "MIT"
            ],
            "authors": [
                {
                    "name": "Viacheslav Poturaev",
                    "email": "vearutop@gmail.com"
                }
            ],
            "description": "JSON diff/rearrange/patch/pointer library for PHP",
            "support": {
                "issues": "https://github.com/swaggest/json-diff/issues",
                "source": "https://github.com/swaggest/json-diff/tree/v3.8.1"
            },
            "time": "2020-09-25T17:47:07+00:00"
        },
        {
            "name": "swaggest/json-schema",
            "version": "v0.12.35",
            "source": {
                "type": "git",
                "url": "https://github.com/swaggest/php-json-schema.git",
                "reference": "d0126bd830c92a498691d278f01d3ce13a2c9c0a"
            },
            "dist": {
                "type": "zip",
                "url": "https://api.github.com/repos/swaggest/php-json-schema/zipball/d0126bd830c92a498691d278f01d3ce13a2c9c0a",
                "reference": "d0126bd830c92a498691d278f01d3ce13a2c9c0a",
                "shasum": ""
            },
            "require": {
                "ext-json": "*",
                "ext-mbstring": "*",
                "php": ">=5.4",
                "phplang/scope-exit": "^1.0",
                "swaggest/json-diff": "^3.5.1"
            },
            "require-dev": {
                "phpunit/php-code-coverage": "^4",
                "phpunit/phpunit": "^5"
            },
            "type": "library",
            "autoload": {
                "psr-4": {
                    "Swaggest\\JsonSchema\\": "src/"
                }
            },
            "notification-url": "https://packagist.org/downloads/",
            "license": [
                "MIT"
            ],
            "authors": [
                {
                    "name": "Viacheslav Poturaev",
                    "email": "vearutop@gmail.com"
                }
            ],
            "description": "High definition PHP structures with JSON-schema based validation",
            "support": {
                "email": "vearutop@gmail.com",
                "issues": "https://github.com/swaggest/php-json-schema/issues",
                "source": "https://github.com/swaggest/php-json-schema/tree/v0.12.35"
            },
            "time": "2021-06-17T22:28:26+00:00"
        }
    ],
    "aliases": [],
    "minimum-stability": "stable",
    "stability-flags": {
        "cyclonedx-demo/local-demo-dependency": 20,
        "cyclonedx-demo/local-dependency-with-minimal-setup": 20,
        "cyclonedx/cyclonedx-php-composer": 20
    },
    "prefer-stable": true,
    "prefer-lowest": false,
    "platform": [],
    "platform-dev": [],
    "plugin-api-version": "2.0.0"
}
